
Microsoft Visual Studio Solution File, Format Version 12.00
# Visual Studio Version 17
VisualStudioVersion = 17.2.32526.322
MinimumVisualStudioVersion = 10.0.40219.1
Project("{FAE04EC0-301F-11D3-BF4B-00C04F79EFBC}") = "BJT Calculator", "BJTCALC\BJT Calculator.csproj", "{FEDB29C3-3613-40F2-B99C-823B3C8F7C13}"
EndProject
Global
	GlobalSection(SolutionConfigurationPlatforms) = preSolution
		Debug|Any CPU = Debug|Any CPU
		Release|Any CPU = Release|Any CPU
	EndGlobalSection
	GlobalSection(ProjectConfigurationPlatforms) = postSolution
		{FEDB29C3-3613-40F2-B99C-823B3C8F7C13}.Debug|Any CPU.ActiveCfg = Debug|Any CPU
		{FEDB29C3-3613-40F2-B99C-823B3C8F7C13}.Debug|Any CPU.Build.0 = Debug|Any CPU
		{FEDB29C3-3613-40F2-B99C-823B3C8F7C13}.Release|Any CPU.ActiveCfg = Release|Any CPU
		{FEDB29C3-3613-40F2-B99C-823B3C8F7C13}.Release|Any CPU.Build.0 = Release|Any CPU
	EndGlobalSection
	GlobalSection(SolutionProperties) = preSolution
		HideSolutionNode = FALSE
	EndGlobalSection
	GlobalSection(ExtensibilityGlobals) = postSolution
		SolutionGuid = {03CCC4D6-1EB0-45A4-8E77-21C7343F7D61}
	EndGlobalSection
EndGlobal
